
Microsoft Visual Studio Solution File, Format Version 12.00
# Visual Studio Version 16
VisualStudioVersion = 16.0.29806.167
MinimumVisualStudioVersion = 10.0.40219.1
Project("{FAE04EC0-301F-11D3-BF4B-00C04F79EFBC}") = "XamarinLabs.Android", "XamarinLabs\XamarinLabs.Android\XamarinLabs.Android.csproj", "{D1740047-5D10-414E-BC0B-089609A6459C}"
EndProject
Project("{FAE04EC0-301F-11D3-BF4B-00C04F79EFBC}") = "XamarinLabs.iOS", "XamarinLabs\XamarinLabs.iOS\XamarinLabs.iOS.csproj", "{3747031A-A78C-48FF-83E0-485C8B1B2F1E}"
EndProject
Project("{FAE04EC0-301F-11D3-BF4B-00C04F79EFBC}") = "XamarinLabs", "XamarinLabs\XamarinLabs\XamarinLabs.csproj", "{FB68C0C4-5E47-4DBB-B1B5-243FEE56DE8D}"
EndProject
Global
	GlobalSection(SolutionConfigurationPlatforms) = preSolution
		Debug|Any CPU = Debug|Any CPU
		Debug|iPhone = Debug|iPhone
		Debug|iPhoneSimulator = Debug|iPhoneSimulator
		Release|Any CPU = Release|Any CPU
		Release|iPhone = Release|iPhone
		Release|iPhoneSimulator = Release|iPhoneSimulator
	EndGlobalSection
	GlobalSection(ProjectConfigurationPlatforms) = postSolution
		{D1740047-5D10-414E-BC0B-089609A6459C}.Debug|Any CPU.ActiveCfg = Debug|Any CPU
		{D1740047-5D10-414E-BC0B-089609A6459C}.Debug|Any CPU.Build.0 = Debug|Any CPU
		{D1740047-5D10-414E-BC0B-089609A6459C}.Debug|Any CPU.Deploy.0 = Debug|Any CPU
		{D1740047-5D10-414E-BC0B-089609A6459C}.Debug|iPhone.ActiveCfg = Debug|Any CPU
		{D1740047-5D10-414E-BC0B-089609A6459C}.Debug|iPhone.Build.0 = Debug|Any CPU
		{D1740047-5D10-414E-BC0B-089609A6459C}.Debug|iPhone.Deploy.0 = Debug|Any CPU
		{D1740047-5D10-414E-BC0B-089609A6459C}.Debug|iPhoneSimulator.ActiveCfg = Debug|Any CPU
		{D1740047-5D10-414E-BC0B-089609A6459C}.Debug|iPhoneSimulator.Build.0 = Debug|Any CPU
		{D1740047-5D10-414E-BC0B-089609A6459C}.Debug|iPhoneSimulator.Deploy.0 = Debug|Any CPU
		{D1740047-5D10-414E-BC0B-089609A6459C}.Release|Any CPU.ActiveCfg = Release|Any CPU
		{D1740047-5D10-414E-BC0B-089609A6459C}.Release|Any CPU.Build.0 = Release|Any CPU
		{D1740047-5D10-414E-BC0B-089609A6459C}.Release|Any CPU.Deploy.0 = Release|Any CPU
		{D1740047-5D10-414E-BC0B-089609A6459C}.Release|iPhone.ActiveCfg = Release|Any CPU
		{D1740047-5D10-414E-BC0B-089609A6459C}.Release|iPhone.Build.0 = Release|Any CPU
		{D1740047-5D10-414E-BC0B-089609A6459C}.Release|iPhone.Deploy.0 = Release|Any CPU
		{D1740047-5D10-414E-BC0B-089609A6459C}.Release|iPhoneSimulator.ActiveCfg = Release|Any CPU
		{D1740047-5D10-414E-BC0B-089609A6459C}.Release|iPhoneSimulator.Build.0 = Release|Any CPU
		{D1740047-5D10-414E-BC0B-089609A6459C}.Release|iPhoneSimulator.Deploy.0 = Release|Any CPU
		{3747031A-A78C-48FF-83E0-485C8B1B2F1E}.Debug|Any CPU.ActiveCfg = Debug|iPhoneSimulator
		{3747031A-A78C-48FF-83E0-485C8B1B2F1E}.Debug|Any CPU.Build.0 = Debug|iPhoneSimulator
		{3747031A-A78C-48FF-83E0-485C8B1B2F1E}.Debug|Any CPU.Deploy.0 = Debug|iPhoneSimulator
		{3747031A-A78C-48FF-83E0-485C8B1B2F1E}.Debug|iPhone.ActiveCfg = Debug|iPhone
		{3747031A-A78C-48FF-83E0-485C8B1B2F1E}.Debug|iPhone.Build.0 = Debug|iPhone
		{3747031A-A78C-48FF-83E0-485C8B1B2F1E}.Debug|iPhone.Deploy.0 = Debug|iPhone
		{3747031A-A78C-48FF-83E0-485C8B1B2F1E}.Debug|iPhoneSimulator.ActiveCfg = Debug|iPhoneSimulator
		{3747031A-A78C-48FF-83E0-485C8B1B2F1E}.Debug|iPhoneSimulator.Build.0 = Debug|iPhoneSimulator
		{3747031A-A78C-48FF-83E0-485C8B1B2F1E}.Debug|iPhoneSimulator.Deploy.0 = Debug|iPhoneSimulator
		{3747031A-A78C-48FF-83E0-485C8B1B2F1E}.Release|Any CPU.ActiveCfg = Release|iPhone
		{3747031A-A78C-48FF-83E0-485C8B1B2F1E}.Release|Any CPU.Build.0 = Release|iPhone
		{3747031A-A78C-48FF-83E0-485C8B1B2F1E}.Release|Any CPU.Deploy.0 = Release|iPhone
		{3747031A-A78C-48FF-83E0-485C8B1B2F1E}.Release|iPhone.ActiveCfg = Release|iPhone
		{3747031A-A78C-48FF-83E0-485C8B1B2F1E}.Release|iPhone.Build.0 = Release|iPhone
		{3747031A-A78C-48FF-83E0-485C8B1B2F1E}.Release|iPhone.Deploy.0 = Release|iPhone
		{3747031A-A78C-48FF-83E0-485C8B1B2F1E}.Release|iPhoneSimulator.ActiveCfg = Release|iPhoneSimulator
		{3747031A-A78C-48FF-83E0-485C8B1B2F1E}.Release|iPhoneSimulator.Build.0 = Release|iPhoneSimulator
		{3747031A-A78C-48FF-83E0-485C8B1B2F1E}.Release|iPhoneSimulator.Deploy.0 = Release|iPhoneSimulator
		{FB68C0C4-5E47-4DBB-B1B5-243FEE56DE8D}.Debug|Any CPU.ActiveCfg = Debug|Any CPU
		{FB68C0C4-5E47-4DBB-B1B5-243FEE56DE8D}.Debug|Any CPU.Build.0 = Debug|Any CPU
		{FB68C0C4-5E47-4DBB-B1B5-243FEE56DE8D}.Debug|Any CPU.Deploy.0 = Debug|Any CPU
		{FB68C0C4-5E47-4DBB-B1B5-243FEE56DE8D}.Debug|iPhone.ActiveCfg = Debug|Any CPU
		{FB68C0C4-5E47-4DBB-B1B5-243FEE56DE8D}.Debug|iPhone.Build.0 = Debug|Any CPU
		{FB68C0C4-5E47-4DBB-B1B5-243FEE56DE8D}.Debug|iPhone.Deploy.0 = Debug|Any CPU
		{FB68C0C4-5E47-4DBB-B1B5-243FEE56DE8D}.Debug|iPhoneSimulator.ActiveCfg = Debug|Any CPU
		{FB68C0C4-5E47-4DBB-B1B5-243FEE56DE8D}.Debug|iPhoneSimulator.Build.0 = Debug|Any CPU
		{FB68C0C4-5E47-4DBB-B1B5-243FEE56DE8D}.Debug|iPhoneSimulator.Deploy.0 = Debug|Any CPU
		{FB68C0C4-5E47-4DBB-B1B5-243FEE56DE8D}.Release|Any CPU.ActiveCfg = Release|Any CPU
		{FB68C0C4-5E47-4DBB-B1B5-243FEE56DE8D}.Release|Any CPU.Build.0 = Release|Any CPU
		{FB68C0C4-5E47-4DBB-B1B5-243FEE56DE8D}.Release|Any CPU.Deploy.0 = Release|Any CPU
		{FB68C0C4-5E47-4DBB-B1B5-243FEE56DE8D}.Release|iPhone.ActiveCfg = Release|Any CPU
		{FB68C0C4-5E47-4DBB-B1B5-243FEE56DE8D}.Release|iPhone.Build.0 = Release|Any CPU
		{FB68C0C4-5E47-4DBB-B1B5-243FEE56DE8D}.Release|iPhone.Deploy.0 = Release|Any CPU
		{FB68C0C4-5E47-4DBB-B1B5-243FEE56DE8D}.Release|iPhoneSimulator.ActiveCfg = Release|Any CPU
		{FB68C0C4-5E47-4DBB-B1B5-243FEE56DE8D}.Release|iPhoneSimulator.Build.0 = Release|Any CPU
		{FB68C0C4-5E47-4DBB-B1B5-243FEE56DE8D}.Release|iPhoneSimulator.Deploy.0 = Release|Any CPU
	EndGlobalSection
	GlobalSection(SolutionProperties) = preSolution
		HideSolutionNode = FALSE
	EndGlobalSection
	GlobalSection(ExtensibilityGlobals) = postSolution
		SolutionGuid = {01528507-3596-4D9F-9E2C-60A9C37323B6}
	EndGlobalSection
EndGlobal
